
Microsoft Visual Studio Solution File, Format Version 12.00
# Visual Studio 2012
Project("{FAE04EC0-301F-11D3-BF4B-00C04F79EFBC}") = "ChoixResto2", "ChoixResto2\ChoixResto2.csproj", "{29936550-B949-4E03-B396-6CB116426DA4}"
EndProject
Project("{FAE04EC0-301F-11D3-BF4B-00C04F79EFBC}") = "ChoixResto2.Tests", "ChoixResto2.Tests\ChoixResto2.Tests.csproj", "{8103DEA1-54D7-4F25-AAF1-13D3012F7988}"
EndProject
Global
	GlobalSection(SolutionConfigurationPlatforms) = preSolution
		Debug|Any CPU = Debug|Any CPU
		Release|Any CPU = Release|Any CPU
	EndGlobalSection
	GlobalSection(ProjectConfigurationPlatforms) = postSolution
		{29936550-B949-4E03-B396-6CB116426DA4}.Debug|Any CPU.ActiveCfg = Debug|Any CPU
		{29936550-B949-4E03-B396-6CB116426DA4}.Debug|Any CPU.Build.0 = Debug|Any CPU
		{29936550-B949-4E03-B396-6CB116426DA4}.Release|Any CPU.ActiveCfg = Release|Any CPU
		{29936550-B949-4E03-B396-6CB116426DA4}.Release|Any CPU.Build.0 = Release|Any CPU
		{8103DEA1-54D7-4F25-AAF1-13D3012F7988}.Debug|Any CPU.ActiveCfg = Debug|Any CPU
		{8103DEA1-54D7-4F25-AAF1-13D3012F7988}.Debug|Any CPU.Build.0 = Debug|Any CPU
		{8103DEA1-54D7-4F25-AAF1-13D3012F7988}.Release|Any CPU.ActiveCfg = Release|Any CPU
		{8103DEA1-54D7-4F25-AAF1-13D3012F7988}.Release|Any CPU.Build.0 = Release|Any CPU
	EndGlobalSection
	GlobalSection(SolutionProperties) = preSolution
		HideSolutionNode = FALSE
	EndGlobalSection
EndGlobal
